
Microsoft Visual Studio Solution File, Format Version 12.00
# Visual Studio Version 17
VisualStudioVersion = 17.4.33110.190
MinimumVisualStudioVersion = 10.0.40219.1
Project("{FAE04EC0-301F-11D3-BF4B-00C04F79EFBC}") = "Snake_Game", "Snake_Game\Snake_Game.csproj", "{4E382A5E-0F7A-4F0E-9949-E970D26E39A5}"
EndProject
Global
	GlobalSection(SolutionConfigurationPlatforms) = preSolution
		Debug|Any CPU = Debug|Any CPU
		Release|Any CPU = Release|Any CPU
	EndGlobalSection
	GlobalSection(ProjectConfigurationPlatforms) = postSolution
		{4E382A5E-0F7A-4F0E-9949-E970D26E39A5}.Debug|Any CPU.ActiveCfg = Debug|Any CPU
		{4E382A5E-0F7A-4F0E-9949-E970D26E39A5}.Debug|Any CPU.Build.0 = Debug|Any CPU
		{4E382A5E-0F7A-4F0E-9949-E970D26E39A5}.Release|Any CPU.ActiveCfg = Release|Any CPU
		{4E382A5E-0F7A-4F0E-9949-E970D26E39A5}.Release|Any CPU.Build.0 = Release|Any CPU
	EndGlobalSection
	GlobalSection(SolutionProperties) = preSolution
		HideSolutionNode = FALSE
	EndGlobalSection
	GlobalSection(ExtensibilityGlobals) = postSolution
		SolutionGuid = {967A7E04-8359-4CC6-8284-EA1447CFB38F}
	EndGlobalSection
EndGlobal
